// !$*UTF8*$!
{
	archiveVersion = 1;
	classes = {
	};
	objectVersion = 56;
	objects = {

/* Begin PBXBuildFile section */
		C522C3DE33A11F3655BCF0B1 /* Pods_Yummie.framework in Frameworks */ = {isa = PBXBuildFile; fileRef = 2E0E3E8458E247DD901BFFED /* Pods_Yummie.framework */; };
		D77BC8FB2B343D3200B99581 /* AppDelegate.swift in Sources */ = {isa = PBXBuildFile; fileRef = D77BC8FA2B343D3200B99581 /* AppDelegate.swift */; };
		D77BC8FD2B343D3200B99581 /* SceneDelegate.swift in Sources */ = {isa = PBXBuildFile; fileRef = D77BC8FC2B343D3200B99581 /* SceneDelegate.swift */; };
		D77BC9022B343D3200B99581 /* Main.storyboard in Resources */ = {isa = PBXBuildFile; fileRef = D77BC9002B343D3200B99581 /* Main.storyboard */; };
		D77BC9042B343D3500B99581 /* Assets.xcassets in Resources */ = {isa = PBXBuildFile; fileRef = D77BC9032B343D3500B99581 /* Assets.xcassets */; };
		D77BC9072B343D3500B99581 /* LaunchScreen.storyboard in Resources */ = {isa = PBXBuildFile; fileRef = D77BC9052B343D3500B99581 /* LaunchScreen.storyboard */; };
		D77BC9132B343F4A00B99581 /* OnboardingViewController.swift in Sources */ = {isa = PBXBuildFile; fileRef = D77BC9122B343F4A00B99581 /* OnboardingViewController.swift */; };
		D77BC9182B34415500B99581 /* UIView+Extension.swift in Sources */ = {isa = PBXBuildFile; fileRef = D77BC9172B34415500B99581 /* UIView+Extension.swift */; };
		D77BC91A2B34420600B99581 /* OnboardingSlide.swift in Sources */ = {isa = PBXBuildFile; fileRef = D77BC9192B34420600B99581 /* OnboardingSlide.swift */; };
		D77BC91C2B3443B100B99581 /* OnboardingCollectionViewCell.swift in Sources */ = {isa = PBXBuildFile; fileRef = D77BC91B2B3443B100B99581 /* OnboardingCollectionViewCell.swift */; };
		D77BC91F2B344BEE00B99581 /* HomeViewController.swift in Sources */ = {isa = PBXBuildFile; fileRef = D77BC91E2B344BEE00B99581 /* HomeViewController.swift */; };
		D77BC9242B344F1900B99581 /* CategoryCollectionViewCell.swift in Sources */ = {isa = PBXBuildFile; fileRef = D77BC9222B344F1900B99581 /* CategoryCollectionViewCell.swift */; };
		D77BC9252B344F1900B99581 /* CategoryCollectionViewCell.xib in Resources */ = {isa = PBXBuildFile; fileRef = D77BC9232B344F1900B99581 /* CategoryCollectionViewCell.xib */; };
		D77BC9272B34510800B99581 /* DishCategory.swift in Sources */ = {isa = PBXBuildFile; fileRef = D77BC9262B34510800B99581 /* DishCategory.swift */; };
		D77BC9292B34524C00B99581 /* String+Extension.swift in Sources */ = {isa = PBXBuildFile; fileRef = D77BC9282B34524C00B99581 /* String+Extension.swift */; };
		D77BC92C2B34558B00B99581 /* CardView.swift in Sources */ = {isa = PBXBuildFile; fileRef = D77BC92B2B34558B00B99581 /* CardView.swift */; };
		D77BC9302B3458C800B99581 /* DishPortraitCollectionViewCell.swift in Sources */ = {isa = PBXBuildFile; fileRef = D77BC92E2B3458C800B99581 /* DishPortraitCollectionViewCell.swift */; };
		D77BC9312B3458C800B99581 /* DishPortraitCollectionViewCell.xib in Resources */ = {isa = PBXBuildFile; fileRef = D77BC92F2B3458C800B99581 /* DishPortraitCollectionViewCell.xib */; };
		D77BC9332B3459E900B99581 /* Dish.swift in Sources */ = {isa = PBXBuildFile; fileRef = D77BC9322B3459E900B99581 /* Dish.swift */; };
/* End PBXBuildFile section */

/* Begin PBXFileReference section */
		2AB1B380A7EC52E5C99A1496 /* Pods-Yummie.release.xcconfig */ = {isa = PBXFileReference; includeInIndex = 1; lastKnownFileType = text.xcconfig; name = "Pods-Yummie.release.xcconfig"; path = "Target Support Files/Pods-Yummie/Pods-Yummie.release.xcconfig"; sourceTree = "<group>"; };
		2E0E3E8458E247DD901BFFED /* Pods_Yummie.framework */ = {isa = PBXFileReference; explicitFileType = wrapper.framework; includeInIndex = 0; path = Pods_Yummie.framework; sourceTree = BUILT_PRODUCTS_DIR; };
		3AB28C28C85F0008F779A629 /* Pods-Yummie.debug.xcconfig */ = {isa = PBXFileReference; includeInIndex = 1; lastKnownFileType = text.xcconfig; name = "Pods-Yummie.debug.xcconfig"; path = "Target Support Files/Pods-Yummie/Pods-Yummie.debug.xcconfig"; sourceTree = "<group>"; };
		D77BC8F72B343D3200B99581 /* Yummie.app */ = {isa = PBXFileReference; explicitFileType = wrapper.application; includeInIndex = 0; path = Yummie.app; sourceTree = BUILT_PRODUCTS_DIR; };
		D77BC8FA2B343D3200B99581 /* AppDelegate.swift */ = {isa = PBXFileReference; lastKnownFileType = sourcecode.swift; path = AppDelegate.swift; sourceTree = "<group>"; };
		D77BC8FC2B343D3200B99581 /* SceneDelegate.swift */ = {isa = PBXFileReference; lastKnownFileType = sourcecode.swift; path = SceneDelegate.swift; sourceTree = "<group>"; };
		D77BC9012B343D3200B99581 /* Base */ = {isa = PBXFileReference; lastKnownFileType = file.storyboard; name = Base; path = Base.lproj/Main.storyboard; sourceTree = "<group>"; };
		D77BC9032B343D3500B99581 /* Assets.xcassets */ = {isa = PBXFileReference; lastKnownFileType = folder.assetcatalog; path = Assets.xcassets; sourceTree = "<group>"; };
		D77BC9062B343D3500B99581 /* Base */ = {isa = PBXFileReference; lastKnownFileType = file.storyboard; name = Base; path = Base.lproj/LaunchScreen.storyboard; sourceTree = "<group>"; };
		D77BC9082B343D3500B99581 /* Info.plist */ = {isa = PBXFileReference; lastKnownFileType = text.plist.xml; path = Info.plist; sourceTree = "<group>"; };
		D77BC9122B343F4A00B99581 /* OnboardingViewController.swift */ = {isa = PBXFileReference; lastKnownFileType = sourcecode.swift; path = OnboardingViewController.swift; sourceTree = "<group>"; };
		D77BC9172B34415500B99581 /* UIView+Extension.swift */ = {isa = PBXFileReference; lastKnownFileType = sourcecode.swift; path = "UIView+Extension.swift"; sourceTree = "<group>"; };
		D77BC9192B34420600B99581 /* OnboardingSlide.swift */ = {isa = PBXFileReference; lastKnownFileType = sourcecode.swift; path = OnboardingSlide.swift; sourceTree = "<group>"; };
		D77BC91B2B3443B100B99581 /* OnboardingCollectionViewCell.swift */ = {isa = PBXFileReference; lastKnownFileType = sourcecode.swift; path = OnboardingCollectionViewCell.swift; sourceTree = "<group>"; };
		D77BC91E2B344BEE00B99581 /* HomeViewController.swift */ = {isa = PBXFileReference; lastKnownFileType = sourcecode.swift; path = HomeViewController.swift; sourceTree = "<group>"; };
		D77BC9222B344F1900B99581 /* CategoryCollectionViewCell.swift */ = {isa = PBXFileReference; lastKnownFileType = sourcecode.swift; path = CategoryCollectionViewCell.swift; sourceTree = "<group>"; };
		D77BC9232B344F1900B99581 /* CategoryCollectionViewCell.xib */ = {isa = PBXFileReference; lastKnownFileType = file.xib; path = CategoryCollectionViewCell.xib; sourceTree = "<group>"; };
		D77BC9262B34510800B99581 /* DishCategory.swift */ = {isa = PBXFileReference; lastKnownFileType = sourcecode.swift; path = DishCategory.swift; sourceTree = "<group>"; };
		D77BC9282B34524C00B99581 /* String+Extension.swift */ = {isa = PBXFileReference; lastKnownFileType = sourcecode.swift; path = "String+Extension.swift"; sourceTree = "<group>"; };
		D77BC92B2B34558B00B99581 /* CardView.swift */ = {isa = PBXFileReference; lastKnownFileType = sourcecode.swift; path = CardView.swift; sourceTree = "<group>"; };
		D77BC92E2B3458C800B99581 /* DishPortraitCollectionViewCell.swift */ = {isa = PBXFileReference; lastKnownFileType = sourcecode.swift; path = DishPortraitCollectionViewCell.swift; sourceTree = "<group>"; };
		D77BC92F2B3458C800B99581 /* DishPortraitCollectionViewCell.xib */ = {isa = PBXFileReference; lastKnownFileType = file.xib; path = DishPortraitCollectionViewCell.xib; sourceTree = "<group>"; };
		D77BC9322B3459E900B99581 /* Dish.swift */ = {isa = PBXFileReference; lastKnownFileType = sourcecode.swift; path = Dish.swift; sourceTree = "<group>"; };
/* End PBXFileReference section */

/* Begin PBXFrameworksBuildPhase section */
		D77BC8F42B343D3200B99581 /* Frameworks */ = {
			isa = PBXFrameworksBuildPhase;
			buildActionMask = 2147483647;
			files = (
				C522C3DE33A11F3655BCF0B1 /* Pods_Yummie.framework in Frameworks */,
			);
			runOnlyForDeploymentPostprocessing = 0;
		};
/* End PBXFrameworksBuildPhase section */

/* Begin PBXGroup section */
		2C4663375B2D70F309A2D385 /* Frameworks */ = {
			isa = PBXGroup;
			children = (
				2E0E3E8458E247DD901BFFED /* Pods_Yummie.framework */,
			);
			name = Frameworks;
			sourceTree = "<group>";
		};
		BAAD96BB7FE91108492285A6 /* Pods */ = {
			isa = PBXGroup;
			children = (
				3AB28C28C85F0008F779A629 /* Pods-Yummie.debug.xcconfig */,
				2AB1B380A7EC52E5C99A1496 /* Pods-Yummie.release.xcconfig */,
			);
			path = Pods;
			sourceTree = "<group>";
		};
		D77BC8EE2B343D3200B99581 = {
			isa = PBXGroup;
			children = (
				D77BC8F92B343D3200B99581 /* Yummie */,
				D77BC8F82B343D3200B99581 /* Products */,
				BAAD96BB7FE91108492285A6 /* Pods */,
				2C4663375B2D70F309A2D385 /* Frameworks */,
			);
			sourceTree = "<group>";
		};
		D77BC8F82B343D3200B99581 /* Products */ = {
			isa = PBXGroup;
			children = (
				D77BC8F72B343D3200B99581 /* Yummie.app */,
			);
			name = Products;
			sourceTree = "<group>";
		};
		D77BC8F92B343D3200B99581 /* Yummie */ = {
			isa = PBXGroup;
			children = (
				D77BC9142B34410A00B99581 /* Extensions */,
				D77BC9102B343F0F00B99581 /* CustomViews */,
				D77BC90F2B343EFD00B99581 /* Views */,
				D77BC90E2B343EF200B99581 /* Models */,
				D77BC8FA2B343D3200B99581 /* AppDelegate.swift */,
				D77BC8FC2B343D3200B99581 /* SceneDelegate.swift */,
				D77BC9002B343D3200B99581 /* Main.storyboard */,
				D77BC9032B343D3500B99581 /* Assets.xcassets */,
				D77BC9052B343D3500B99581 /* LaunchScreen.storyboard */,
				D77BC9082B343D3500B99581 /* Info.plist */,
			);
			path = Yummie;
			sourceTree = "<group>";
		};
		D77BC90E2B343EF200B99581 /* Models */ = {
			isa = PBXGroup;
			children = (
				D77BC9192B34420600B99581 /* OnboardingSlide.swift */,
				D77BC9262B34510800B99581 /* DishCategory.swift */,
				D77BC9322B3459E900B99581 /* Dish.swift */,
			);
			path = Models;
			sourceTree = "<group>";
		};
		D77BC90F2B343EFD00B99581 /* Views */ = {
			isa = PBXGroup;
			children = (
				D77BC91D2B344BDB00B99581 /* Home */,
				D77BC9112B343F2600B99581 /* Onboarding */,
			);
			path = Views;
			sourceTree = "<group>";
		};
		D77BC9102B343F0F00B99581 /* CustomViews */ = {
			isa = PBXGroup;
			children = (
				D77BC92A2B34557C00B99581 /* CardView */,
				D77BC9202B344ED600B99581 /* CollectionViewCells */,
			);
			path = CustomViews;
			sourceTree = "<group>";
		};
		D77BC9112B343F2600B99581 /* Onboarding */ = {
			isa = PBXGroup;
			children = (
				D77BC9122B343F4A00B99581 /* OnboardingViewController.swift */,
				D77BC91B2B3443B100B99581 /* OnboardingCollectionViewCell.swift */,
			);
			path = Onboarding;
			sourceTree = "<group>";
		};
		D77BC9142B34410A00B99581 /* Extensions */ = {
			isa = PBXGroup;
			children = (
				D77BC9172B34415500B99581 /* UIView+Extension.swift */,
				D77BC9282B34524C00B99581 /* String+Extension.swift */,
			);
			path = Extensions;
			sourceTree = "<group>";
		};
		D77BC91D2B344BDB00B99581 /* Home */ = {
			isa = PBXGroup;
			children = (
				D77BC91E2B344BEE00B99581 /* HomeViewController.swift */,
			);
			path = Home;
			sourceTree = "<group>";
		};
		D77BC9202B344ED600B99581 /* CollectionViewCells */ = {
			isa = PBXGroup;
			children = (
				D77BC92D2B34589D00B99581 /* DishPortraitCollectionViewCell */,
				D77BC9212B344EE500B99581 /* CategoryCollectionViewCell */,
			);
			path = CollectionViewCells;
			sourceTree = "<group>";
		};
		D77BC9212B344EE500B99581 /* CategoryCollectionViewCell */ = {
			isa = PBXGroup;
			children = (
				D77BC9222B344F1900B99581 /* CategoryCollectionViewCell.swift */,
				D77BC9232B344F1900B99581 /* CategoryCollectionViewCell.xib */,
			);
			path = CategoryCollectionViewCell;
			sourceTree = "<group>";
		};
		D77BC92A2B34557C00B99581 /* CardView */ = {
			isa = PBXGroup;
			children = (
				D77BC92B2B34558B00B99581 /* CardView.swift */,
			);
			path = CardView;
			sourceTree = "<group>";
		};
		D77BC92D2B34589D00B99581 /* DishPortraitCollectionViewCell */ = {
			isa = PBXGroup;
			children = (
				D77BC92E2B3458C800B99581 /* DishPortraitCollectionViewCell.swift */,
				D77BC92F2B3458C800B99581 /* DishPortraitCollectionViewCell.xib */,
			);
			path = DishPortraitCollectionViewCell;
			sourceTree = "<group>";
		};
/* End PBXGroup section */

/* Begin PBXNativeTarget section */
		D77BC8F62B343D3200B99581 /* Yummie */ = {
			isa = PBXNativeTarget;
			buildConfigurationList = D77BC90B2B343D3500B99581 /* Build configuration list for PBXNativeTarget "Yummie" */;
			buildPhases = (
				984CBB7F06EE7C30703068DE /* [CP] Check Pods Manifest.lock */,
				D77BC8F32B343D3200B99581 /* Sources */,
				D77BC8F42B343D3200B99581 /* Frameworks */,
				D77BC8F52B343D3200B99581 /* Resources */,
				1E3E2447656850822F794871 /* [CP] Embed Pods Frameworks */,
			);
			buildRules = (
			);
			dependencies = (
			);
			name = Yummie;
			productName = Yummie;
			productReference = D77BC8F72B343D3200B99581 /* Yummie.app */;
			productType = "com.apple.product-type.application";
		};
/* End PBXNativeTarget section */

/* Begin PBXProject section */
		D77BC8EF2B343D3200B99581 /* Project object */ = {
			isa = PBXProject;
			attributes = {
				BuildIndependentTargetsInParallel = 1;
				LastSwiftUpdateCheck = 1430;
				LastUpgradeCheck = 1430;
				TargetAttributes = {
					D77BC8F62B343D3200B99581 = {
						CreatedOnToolsVersion = 14.3.1;
					};
				};
			};
			buildConfigurationList = D77BC8F22B343D3200B99581 /* Build configuration list for PBXProject "Yummie" */;
			compatibilityVersion = "Xcode 14.0";
			developmentRegion = en;
			hasScannedForEncodings = 0;
			knownRegions = (
				en,
				Base,
			);
			mainGroup = D77BC8EE2B343D3200B99581;
			productRefGroup = D77BC8F82B343D3200B99581 /* Products */;
			projectDirPath = "";
			projectRoot = "";
			targets = (
				D77BC8F62B343D3200B99581 /* Yummie */,
			);
		};
/* End PBXProject section */

/* Begin PBXResourcesBuildPhase section */
		D77BC8F52B343D3200B99581 /* Resources */ = {
			isa = PBXResourcesBuildPhase;
			buildActionMask = 2147483647;
			files = (
				D77BC9252B344F1900B99581 /* CategoryCollectionViewCell.xib in Resources */,
				D77BC9072B343D3500B99581 /* LaunchScreen.storyboard in Resources */,
				D77BC9312B3458C800B99581 /* DishPortraitCollectionViewCell.xib in Resources */,
				D77BC9042B343D3500B99581 /* Assets.xcassets in Resources */,
				D77BC9022B343D3200B99581 /* Main.storyboard in Resources */,
			);
			runOnlyForDeploymentPostprocessing = 0;
		};
/* End PBXResourcesBuildPhase section */

/* Begin PBXShellScriptBuildPhase section */
		1E3E2447656850822F794871 /* [CP] Embed Pods Frameworks */ = {
			isa = PBXShellScriptBuildPhase;
			buildActionMask = 2147483647;
			files = (
			);
			inputFileListPaths = (
				"${PODS_ROOT}/Target Support Files/Pods-Yummie/Pods-Yummie-frameworks-${CONFIGURATION}-input-files.xcfilelist",
			);
			name = "[CP] Embed Pods Frameworks";
			outputFileListPaths = (
				"${PODS_ROOT}/Target Support Files/Pods-Yummie/Pods-Yummie-frameworks-${CONFIGURATION}-output-files.xcfilelist",
			);
			runOnlyForDeploymentPostprocessing = 0;
			shellPath = /bin/sh;
			shellScript = "\"${PODS_ROOT}/Target Support Files/Pods-Yummie/Pods-Yummie-frameworks.sh\"\n";
			showEnvVarsInLog = 0;
		};
		984CBB7F06EE7C30703068DE /* [CP] Check Pods Manifest.lock */ = {
			isa = PBXShellScriptBuildPhase;
			buildActionMask = 2147483647;
			files = (
			);
			inputFileListPaths = (
			);
			inputPaths = (
				"${PODS_PODFILE_DIR_PATH}/Podfile.lock",
				"${PODS_ROOT}/Manifest.lock",
			);
			name = "[CP] Check Pods Manifest.lock";
			outputFileListPaths = (
			);
			outputPaths = (
				"$(DERIVED_FILE_DIR)/Pods-Yummie-checkManifestLockResult.txt",
			);
			runOnlyForDeploymentPostprocessing = 0;
			shellPath = /bin/sh;
			shellScript = "diff \"${PODS_PODFILE_DIR_PATH}/Podfile.lock\" \"${PODS_ROOT}/Manifest.lock\" > /dev/null\nif [ $? != 0 ] ; then\n    # print error to STDERR\n    echo \"error: The sandbox is not in sync with the Podfile.lock. Run 'pod install' or update your CocoaPods installation.\" >&2\n    exit 1\nfi\n# This output is used by Xcode 'outputs' to avoid re-running this script phase.\necho \"SUCCESS\" > \"${SCRIPT_OUTPUT_FILE_0}\"\n";
			showEnvVarsInLog = 0;
		};
/* End PBXShellScriptBuildPhase section */

/* Begin PBXSourcesBuildPhase section */
		D77BC8F32B343D3200B99581 /* Sources */ = {
			isa = PBXSourcesBuildPhase;
			buildActionMask = 2147483647;
			files = (
				D77BC9242B344F1900B99581 /* CategoryCollectionViewCell.swift in Sources */,
				D77BC91A2B34420600B99581 /* OnboardingSlide.swift in Sources */,
				D77BC8FB2B343D3200B99581 /* AppDelegate.swift in Sources */,
				D77BC8FD2B343D3200B99581 /* SceneDelegate.swift in Sources */,
				D77BC9182B34415500B99581 /* UIView+Extension.swift in Sources */,
				D77BC9132B343F4A00B99581 /* OnboardingViewController.swift in Sources */,
				D77BC91F2B344BEE00B99581 /* HomeViewController.swift in Sources */,
				D77BC9272B34510800B99581 /* DishCategory.swift in Sources */,
				D77BC9292B34524C00B99581 /* String+Extension.swift in Sources */,
				D77BC92C2B34558B00B99581 /* CardView.swift in Sources */,
				D77BC91C2B3443B100B99581 /* OnboardingCollectionViewCell.swift in Sources */,
				D77BC9332B3459E900B99581 /* Dish.swift in Sources */,
				D77BC9302B3458C800B99581 /* DishPortraitCollectionViewCell.swift in Sources */,
			);
			runOnlyForDeploymentPostprocessing = 0;
		};
/* End PBXSourcesBuildPhase section */

/* Begin PBXVariantGroup section */
		D77BC9002B343D3200B99581 /* Main.storyboard */ = {
			isa = PBXVariantGroup;
			children = (
				D77BC9012B343D3200B99581 /* Base */,
			);
			name = Main.storyboard;
			sourceTree = "<group>";
		};
		D77BC9052B343D3500B99581 /* LaunchScreen.storyboard */ = {
			isa = PBXVariantGroup;
			children = (
				D77BC9062B343D3500B99581 /* Base */,
			);
			name = LaunchScreen.storyboard;
			sourceTree = "<group>";
		};
/* End PBXVariantGroup section */

/* Begin XCBuildConfiguration section */
		D77BC9092B343D3500B99581 /* Debug */ = {
			isa = XCBuildConfiguration;
			buildSettings = {
				ALWAYS_SEARCH_USER_PATHS = NO;
				CLANG_ANALYZER_NONNULL = YES;
				CLANG_ANALYZER_NUMBER_OBJECT_CONVERSION = YES_AGGRESSIVE;
				CLANG_CXX_LANGUAGE_STANDARD = "gnu++20";
				CLANG_ENABLE_MODULES = YES;
				CLANG_ENABLE_OBJC_ARC = YES;
				CLANG_ENABLE_OBJC_WEAK = YES;
				CLANG_WARN_BLOCK_CAPTURE_AUTORELEASING = YES;
				CLANG_WARN_BOOL_CONVERSION = YES;
				CLANG_WARN_COMMA = YES;
				CLANG_WARN_CONSTANT_CONVERSION = YES;
				CLANG_WARN_DEPRECATED_OBJC_IMPLEMENTATIONS = YES;
				CLANG_WARN_DIRECT_OBJC_ISA_USAGE = YES_ERROR;
				CLANG_WARN_DOCUMENTATION_COMMENTS = YES;
				CLANG_WARN_EMPTY_BODY = YES;
				CLANG_WARN_ENUM_CONVERSION = YES;
				CLANG_WARN_INFINITE_RECURSION = YES;
				CLANG_WARN_INT_CONVERSION = YES;
				CLANG_WARN_NON_LITERAL_NULL_CONVERSION = YES;
				CLANG_WARN_OBJC_IMPLICIT_RETAIN_SELF = YES;
				CLANG_WARN_OBJC_LITERAL_CONVERSION = YES;
				CLANG_WARN_OBJC_ROOT_CLASS = YES_ERROR;
				CLANG_WARN_QUOTED_INCLUDE_IN_FRAMEWORK_HEADER = YES;
				CLANG_WARN_RANGE_LOOP_ANALYSIS = YES;
				CLANG_WARN_STRICT_PROTOTYPES = YES;
				CLANG_WARN_SUSPICIOUS_MOVE = YES;
				CLANG_WARN_UNGUARDED_AVAILABILITY = YES_AGGRESSIVE;
				CLANG_WARN_UNREACHABLE_CODE = YES;
				CLANG_WARN__DUPLICATE_METHOD_MATCH = YES;
				COPY_PHASE_STRIP = NO;
				DEBUG_INFORMATION_FORMAT = dwarf;
				ENABLE_STRICT_OBJC_MSGSEND = YES;
				ENABLE_TESTABILITY = YES;
				GCC_C_LANGUAGE_STANDARD = gnu11;
				GCC_DYNAMIC_NO_PIC = NO;
				GCC_NO_COMMON_BLOCKS = YES;
				GCC_OPTIMIZATION_LEVEL = 0;
				GCC_PREPROCESSOR_DEFINITIONS = (
					"DEBUG=1",
					"$(inherited)",
				);
				GCC_WARN_64_TO_32_BIT_CONVERSION = YES;
				GCC_WARN_ABOUT_RETURN_TYPE = YES_ERROR;
				GCC_WARN_UNDECLARED_SELECTOR = YES;
				GCC_WARN_UNINITIALIZED_AUTOS = YES_AGGRESSIVE;
				GCC_WARN_UNUSED_FUNCTION = YES;
				GCC_WARN_UNUSED_VARIABLE = YES;
				IPHONEOS_DEPLOYMENT_TARGET = 16.4;
				MTL_ENABLE_DEBUG_INFO = INCLUDE_SOURCE;
				MTL_FAST_MATH = YES;
				ONLY_ACTIVE_ARCH = YES;
				SDKROOT = iphoneos;
				SWIFT_ACTIVE_COMPILATION_CONDITIONS = DEBUG;
				SWIFT_OPTIMIZATION_LEVEL = "-Onone";
			};
			name = Debug;
		};
		D77BC90A2B343D3500B99581 /* Release */ = {
			isa = XCBuildConfiguration;
			buildSettings = {
				ALWAYS_SEARCH_USER_PATHS = NO;
				CLANG_ANALYZER_NONNULL = YES;
				CLANG_ANALYZER_NUMBER_OBJECT_CONVERSION = YES_AGGRESSIVE;
				CLANG_CXX_LANGUAGE_STANDARD = "gnu++20";
				CLANG_ENABLE_MODULES = YES;
				CLANG_ENABLE_OBJC_ARC = YES;
				CLANG_ENABLE_OBJC_WEAK = YES;
				CLANG_WARN_BLOCK_CAPTURE_AUTORELEASING = YES;
				CLANG_WARN_BOOL_CONVERSION = YES;
				CLANG_WARN_COMMA = YES;
				CLANG_WARN_CONSTANT_CONVERSION = YES;
				CLANG_WARN_DEPRECATED_OBJC_IMPLEMENTATIONS = YES;
				CLANG_WARN_DIRECT_OBJC_ISA_USAGE = YES_ERROR;
				CLANG_WARN_DOCUMENTATION_COMMENTS = YES;
				CLANG_WARN_EMPTY_BODY = YES;
				CLANG_WARN_ENUM_CONVERSION = YES;
				CLANG_WARN_INFINITE_RECURSION = YES;
				CLANG_WARN_INT_CONVERSION = YES;
				CLANG_WARN_NON_LITERAL_NULL_CONVERSION = YES;
				CLANG_WARN_OBJC_IMPLICIT_RETAIN_SELF = YES;
				CLANG_WARN_OBJC_LITERAL_CONVERSION = YES;
				CLANG_WARN_OBJC_ROOT_CLASS = YES_ERROR;
				CLANG_WARN_QUOTED_INCLUDE_IN_FRAMEWORK_HEADER = YES;
				CLANG_WARN_RANGE_LOOP_ANALYSIS = YES;
				CLANG_WARN_STRICT_PROTOTYPES = YES;
				CLANG_WARN_SUSPICIOUS_MOVE = YES;
				CLANG_WARN_UNGUARDED_AVAILABILITY = YES_AGGRESSIVE;
				CLANG_WARN_UNREACHABLE_CODE = YES;
				CLANG_WARN__DUPLICATE_METHOD_MATCH = YES;
				COPY_PHASE_STRIP = NO;
				DEBUG_INFORMATION_FORMAT = "dwarf-with-dsym";
				ENABLE_NS_ASSERTIONS = NO;
				ENABLE_STRICT_OBJC_MSGSEND = YES;
				GCC_C_LANGUAGE_STANDARD = gnu11;
				GCC_NO_COMMON_BLOCKS = YES;
				GCC_WARN_64_TO_32_BIT_CONVERSION = YES;
				GCC_WARN_ABOUT_RETURN_TYPE = YES_ERROR;
				GCC_WARN_UNDECLARED_SELECTOR = YES;
				GCC_WARN_UNINITIALIZED_AUTOS = YES_AGGRESSIVE;
				GCC_WARN_UNUSED_FUNCTION = YES;
				GCC_WARN_UNUSED_VARIABLE = YES;
				IPHONEOS_DEPLOYMENT_TARGET = 16.4;
				MTL_ENABLE_DEBUG_INFO = NO;
				MTL_FAST_MATH = YES;
				SDKROOT = iphoneos;
				SWIFT_COMPILATION_MODE = wholemodule;
				SWIFT_OPTIMIZATION_LEVEL = "-O";
				VALIDATE_PRODUCT = YES;
			};
			name = Release;
		};
		D77BC90C2B343D3500B99581 /* Debug */ = {
			isa = XCBuildConfiguration;
			baseConfigurationReference = 3AB28C28C85F0008F779A629 /* Pods-Yummie.debug.xcconfig */;
			buildSettings = {
				ASSETCATALOG_COMPILER_APPICON_NAME = AppIcon;
				ASSETCATALOG_COMPILER_GLOBAL_ACCENT_COLOR_NAME = AccentColor;
				CODE_SIGN_STYLE = Automatic;
				CURRENT_PROJECT_VERSION = 1;
				DEVELOPMENT_TEAM = PG8FB2GHQZ;
				GENERATE_INFOPLIST_FILE = YES;
				INFOPLIST_FILE = Yummie/Info.plist;
				INFOPLIST_KEY_UIApplicationSupportsIndirectInputEvents = YES;
				INFOPLIST_KEY_UILaunchStoryboardName = LaunchScreen;
				INFOPLIST_KEY_UIMainStoryboardFile = Main;
				INFOPLIST_KEY_UISupportedInterfaceOrientations_iPad = "UIInterfaceOrientationPortrait UIInterfaceOrientationPortraitUpsideDown UIInterfaceOrientationLandscapeLeft UIInterfaceOrientationLandscapeRight";
				INFOPLIST_KEY_UISupportedInterfaceOrientations_iPhone = "UIInterfaceOrientationPortrait UIInterfaceOrientationLandscapeLeft UIInterfaceOrientationLandscapeRight";
				LD_RUNPATH_SEARCH_PATHS = (
					"$(inherited)",
					"@executable_path/Frameworks",
				);
				MARKETING_VERSION = 1.0;
				PRODUCT_BUNDLE_IDENTIFIER = com.Gulfem.Yummie;
				PRODUCT_NAME = "$(TARGET_NAME)";
				SWIFT_EMIT_LOC_STRINGS = YES;
				SWIFT_VERSION = 5.0;
				TARGETED_DEVICE_FAMILY = "1,2";
			};
			name = Debug;
		};
		D77BC90D2B343D3500B99581 /* Release */ = {
			isa = XCBuildConfiguration;
			baseConfigurationReference = 2AB1B380A7EC52E5C99A1496 /* Pods-Yummie.release.xcconfig */;
			buildSettings = {
				ASSETCATALOG_COMPILER_APPICON_NAME = AppIcon;
				ASSETCATALOG_COMPILER_GLOBAL_ACCENT_COLOR_NAME = AccentColor;
				CODE_SIGN_STYLE = Automatic;
				CURRENT_PROJECT_VERSION = 1;
				DEVELOPMENT_TEAM = PG8FB2GHQZ;
				GENERATE_INFOPLIST_FILE = YES;
				INFOPLIST_FILE = Yummie/Info.plist;
				INFOPLIST_KEY_UIApplicationSupportsIndirectInputEvents = YES;
				INFOPLIST_KEY_UILaunchStoryboardName = LaunchScreen;
				INFOPLIST_KEY_UIMainStoryboardFile = Main;
				INFOPLIST_KEY_UISupportedInterfaceOrientations_iPad = "UIInterfaceOrientationPortrait UIInterfaceOrientationPortraitUpsideDown UIInterfaceOrientationLandscapeLeft UIInterfaceOrientationLandscapeRight";
				INFOPLIST_KEY_UISupportedInterfaceOrientations_iPhone = "UIInterfaceOrientationPortrait UIInterfaceOrientationLandscapeLeft UIInterfaceOrientationLandscapeRight";
				LD_RUNPATH_SEARCH_PATHS = (
					"$(inherited)",
					"@executable_path/Frameworks",
				);
				MARKETING_VERSION = 1.0;
				PRODUCT_BUNDLE_IDENTIFIER = com.Gulfem.Yummie;
				PRODUCT_NAME = "$(TARGET_NAME)";
				SWIFT_EMIT_LOC_STRINGS = YES;
				SWIFT_VERSION = 5.0;
				TARGETED_DEVICE_FAMILY = "1,2";
			};
			name = Release;
		};
/* End XCBuildConfiguration section */

/* Begin XCConfigurationList section */
		D77BC8F22B343D3200B99581 /* Build configuration list for PBXProject "Yummie" */ = {
			isa = XCConfigurationList;
			buildConfigurations = (
				D77BC9092B343D3500B99581 /* Debug */,
				D77BC90A2B343D3500B99581 /* Release */,
			);
			defaultConfigurationIsVisible = 0;
			defaultConfigurationName = Release;
		};
		D77BC90B2B343D3500B99581 /* Build configuration list for PBXNativeTarget "Yummie" */ = {
			isa = XCConfigurationList;
			buildConfigurations = (
				D77BC90C2B343D3500B99581 /* Debug */,
				D77BC90D2B343D3500B99581 /* Release */,
			);
			defaultConfigurationIsVisible = 0;
			defaultConfigurationName = Release;
		};
/* End XCConfigurationList section */
	};
	rootObject = D77BC8EF2B343D3200B99581 /* Project object */;
}
